<?xml version="1.0" encoding="utf-8"?>
<Project ToolsVersion="16.0" xmlns="http://schemas.microsoft.com/developer/msbuild/2003">
  <ItemGroup>
    <ClCompile Include="C:\dev\leraine-studio\leraine-studio\source\editing\base\edit-mode.cpp">
      <Filter>Source Files</Filter>
    </ClCompile>
    <ClCompile Include="C:\dev\leraine-studio\leraine-studio\source\editing\note-edit-mode.cpp">
      <Filter>Source Files</Filter>
    </ClCompile>
    <ClCompile Include="C:\dev\leraine-studio\leraine-studio\source\editing\select-edit-mode.cpp">
      <Filter>Source Files</Filter>
    </ClCompile>
    <ClCompile Include="C:\dev\leraine-studio\leraine-studio\source\global\global-functions.cpp">
      <Filter>Source Files</Filter>
    </ClCompile>
    <ClCompile Include="C:\dev\leraine-studio\leraine-studio\source\main.cpp">
      <Filter>Source Files</Filter>
    </ClCompile>
    <ClCompile Include="C:\dev\leraine-studio\leraine-studio\source\modules\audio-module.cpp">
      <Filter>Source Files</Filter>
    </ClCompile>
    <ClCompile Include="C:\dev\leraine-studio\leraine-studio\source\modules\background-module.cpp">
      <Filter>Source Files</Filter>
    </ClCompile>
    <ClCompile Include="C:\dev\leraine-studio\leraine-studio\source\modules\base\module.cpp">
      <Filter>Source Files</Filter>
    </ClCompile>
    <ClCompile Include="C:\dev\leraine-studio\leraine-studio\source\modules\beat-module.cpp">
      <Filter>Source Files</Filter>
    </ClCompile>
    <ClCompile Include="C:\dev\leraine-studio\leraine-studio\source\modules\chart-parser-module.cpp">
      <Filter>Source Files</Filter>
    </ClCompile>
    <ClCompile Include="C:\dev\leraine-studio\leraine-studio\source\modules\dialog-module.cpp">
      <Filter>Source Files</Filter>
    </ClCompile>
    <ClCompile Include="C:\dev\leraine-studio\leraine-studio\source\modules\edit-module.cpp">
      <Filter>Source Files</Filter>
    </ClCompile>
    <ClCompile Include="C:\dev\leraine-studio\leraine-studio\source\modules\imgui-module.cpp">
      <Filter>Source Files</Filter>
    </ClCompile>
    <ClCompile Include="C:\dev\leraine-studio\leraine-studio\source\modules\input-module.cpp">
      <Filter>Source Files</Filter>
    </ClCompile>
    <ClCompile Include="C:\dev\leraine-studio\leraine-studio\source\modules\manager\module-manager.cpp">
      <Filter>Source Files</Filter>
    </ClCompile>
    <ClCompile Include="C:\dev\leraine-studio\leraine-studio\source\modules\minimap-module.cpp">
      <Filter>Source Files</Filter>
    </ClCompile>
    <ClCompile Include="C:\dev\leraine-studio\leraine-studio\source\modules\timefield-render-module.cpp">
      <Filter>Source Files</Filter>
    </ClCompile>
    <ClCompile Include="C:\dev\leraine-studio\leraine-studio\source\program\program-meta.cpp">
      <Filter>Source Files</Filter>
    </ClCompile>
    <ClCompile Include="C:\dev\leraine-studio\leraine-studio\source\program\program.cpp">
      <Filter>Source Files</Filter>
    </ClCompile>
    <ClCompile Include="C:\dev\leraine-studio\leraine-studio\source\structures\chart.cpp">
      <Filter>Source Files</Filter>
    </ClCompile>
    <ClCompile Include="C:\dev\leraine-studio\leraine-studio\source\structures\skin.cpp">
      <Filter>Source Files</Filter>
    </ClCompile>
    <ClCompile Include="C:\dev\leraine-studio\leraine-studio\source\structures\timefield-render-graph.cpp">
      <Filter>Source Files</Filter>
    </ClCompile>
    <ClCompile Include="C:\dev\leraine-studio\leraine-studio\source\utilities\imgui\addons\imguidock\imguidock.cpp">
      <Filter>Source Files</Filter>
    </ClCompile>
    <ClCompile Include="C:\dev\leraine-studio\leraine-studio\source\utilities\imgui\addons\imguifilesystem\imguifilesystem.cpp">
      <Filter>Source Files</Filter>
    </ClCompile>
    <ClCompile Include="C:\dev\leraine-studio\leraine-studio\source\utilities\imgui\addons\imguifilesystem\minizip\ioapi.c">
      <Filter>Source Files</Filter>
    </ClCompile>
    <ClCompile Include="C:\dev\leraine-studio\leraine-studio\source\utilities\imgui\addons\imguifilesystem\minizip\unzip.c">
      <Filter>Source Files</Filter>
    </ClCompile>
    <ClCompile Include="C:\dev\leraine-studio\leraine-studio\source\utilities\imgui\addons\imguifilesystem\minizip\zip.c">
      <Filter>Source Files</Filter>
    </ClCompile>
    <ClCompile Include="C:\dev\leraine-studio\leraine-studio\source\utilities\imgui\addons\imguilistview\imguilistview.cpp">
      <Filter>Source Files</Filter>
    </ClCompile>
    <ClCompile Include="C:\dev\leraine-studio\leraine-studio\source\utilities\imgui\addons\imguistring\imguistring.cpp">
      <Filter>Source Files</Filter>
    </ClCompile>
    <ClCompile Include="C:\dev\leraine-studio\leraine-studio\source\utilities\imgui\addons\imguitabwindow\imguitabwindow.cpp">
      <Filter>Source Files</Filter>
    </ClCompile>
    <ClCompile Include="C:\dev\leraine-studio\leraine-studio\source\utilities\imgui\addons\imguitoolbar\imguitoolbar.cpp">
      <Filter>Source Files</Filter>
    </ClCompile>
  </ItemGroup>
  <ItemGroup>
    <ClInclude Include="C:\dev\leraine-studio\leraine-studio\source\editing\base\edit-mode.h">
      <Filter>Header Files</Filter>
    </ClInclude>
    <ClInclude Include="C:\dev\leraine-studio\leraine-studio\source\editing\note-edit-mode.h">
      <Filter>Header Files</Filter>
    </ClInclude>
    <ClInclude Include="C:\dev\leraine-studio\leraine-studio\source\editing\select-edit-mode.h">
      <Filter>Header Files</Filter>
    </ClInclude>
    <ClInclude Include="C:\dev\leraine-studio\leraine-studio\source\global\global-functions.h">
      <Filter>Header Files</Filter>
    </ClInclude>
    <ClInclude Include="C:\dev\leraine-studio\leraine-studio\source\global\global-types.h">
      <Filter>Header Files</Filter>
    </ClInclude>
    <ClInclude Include="C:\dev\leraine-studio\leraine-studio\source\modules\audio-module.h">
      <Filter>Header Files</Filter>
    </ClInclude>
    <ClInclude Include="C:\dev\leraine-studio\leraine-studio\source\modules\background-module.h">
      <Filter>Header Files</Filter>
    </ClInclude>
    <ClInclude Include="C:\dev\leraine-studio\leraine-studio\source\modules\base\module.h">
      <Filter>Header Files</Filter>
    </ClInclude>
    <ClInclude Include="C:\dev\leraine-studio\leraine-studio\source\modules\beat-module.h">
      <Filter>Header Files</Filter>
    </ClInclude>
    <ClInclude Include="C:\dev\leraine-studio\leraine-studio\source\modules\chart-parser-module.h">
      <Filter>Header Files</Filter>
    </ClInclude>
    <ClInclude Include="C:\dev\leraine-studio\leraine-studio\source\modules\dialog-module.h">
      <Filter>Header Files</Filter>
    </ClInclude>
    <ClInclude Include="C:\dev\leraine-studio\leraine-studio\source\modules\edit-module.h">
      <Filter>Header Files</Filter>
    </ClInclude>
    <ClInclude Include="C:\dev\leraine-studio\leraine-studio\source\modules\imgui-module.h">
      <Filter>Header Files</Filter>
    </ClInclude>
    <ClInclude Include="C:\dev\leraine-studio\leraine-studio\source\modules\input-module.h">
      <Filter>Header Files</Filter>
    </ClInclude>
    <ClInclude Include="C:\dev\leraine-studio\leraine-studio\source\modules\manager\module-manager.h">
      <Filter>Header Files</Filter>
    </ClInclude>
    <ClInclude Include="C:\dev\leraine-studio\leraine-studio\source\modules\minimap-module.h">
      <Filter>Header Files</Filter>
    </ClInclude>
    <ClInclude Include="C:\dev\leraine-studio\leraine-studio\source\modules\timefield-render-module.h">
      <Filter>Header Files</Filter>
    </ClInclude>
    <ClInclude Include="C:\dev\leraine-studio\leraine-studio\source\program\program.h">
      <Filter>Header Files</Filter>
    </ClInclude>
    <ClInclude Include="C:\dev\leraine-studio\leraine-studio\source\structures\chart.h">
      <Filter>Header Files</Filter>
    </ClInclude>
    <ClInclude Include="C:\dev\leraine-studio\leraine-studio\source\structures\cursor.h">
      <Filter>Header Files</Filter>
    </ClInclude>
    <ClInclude Include="C:\dev\leraine-studio\leraine-studio\source\structures\skin.h">
      <Filter>Header Files</Filter>
    </ClInclude>
    <ClInclude Include="C:\dev\leraine-studio\leraine-studio\source\structures\timefield-metrics.h">
      <Filter>Header Files</Filter>
    </ClInclude>
    <ClInclude Include="C:\dev\leraine-studio\leraine-studio\source\structures\timefield-render-graph.h">
      <Filter>Header Files</Filter>
    </ClInclude>
    <ClInclude Include="C:\dev\leraine-studio\leraine-studio\source\structures\window-metrics.h">
      <Filter>Header Files</Filter>
    </ClInclude>
    <ClInclude Include="C:\dev\leraine-studio\leraine-studio\source\utilities\imgui\addons\imgui_user.h">
      <Filter>Header Files</Filter>
    </ClInclude>
    <ClInclude Include="C:\dev\leraine-studio\leraine-studio\source\utilities\imgui\addons\imguidock\imguidock.h">
      <Filter>Header Files</Filter>
    </ClInclude>
    <ClInclude Include="C:\dev\leraine-studio\leraine-studio\source\utilities\imgui\addons\imguifilesystem\dirent_portable.h">
      <Filter>Header Files</Filter>
    </ClInclude>
    <ClInclude Include="C:\dev\leraine-studio\leraine-studio\source\utilities\imgui\addons\imguifilesystem\imguifilesystem.h">
      <Filter>Header Files</Filter>
    </ClInclude>
    <ClInclude Include="C:\dev\leraine-studio\leraine-studio\source\utilities\imgui\addons\imguifilesystem\minizip\crypt.h">
      <Filter>Header Files</Filter>
    </ClInclude>
    <ClInclude Include="C:\dev\leraine-studio\leraine-studio\source\utilities\imgui\addons\imguifilesystem\minizip\ioapi.h">
      <Filter>Header Files</Filter>
    </ClInclude>
    <ClInclude Include="C:\dev\leraine-studio\leraine-studio\source\utilities\imgui\addons\imguifilesystem\minizip\unzip.h">
      <Filter>Header Files</Filter>
    </ClInclude>
    <ClInclude Include="C:\dev\leraine-studio\leraine-studio\source\utilities\imgui\addons\imguifilesystem\minizip\zip.h">
      <Filter>Header Files</Filter>
    </ClInclude>
    <ClInclude Include="C:\dev\leraine-studio\leraine-studio\source\utilities\imgui\addons\imguilistview\imguilistview.h">
      <Filter>Header Files</Filter>
    </ClInclude>
    <ClInclude Include="C:\dev\leraine-studio\leraine-studio\source\utilities\imgui\addons\imguistring\imguistring.h">
      <Filter>Header Files</Filter>
    </ClInclude>
    <ClInclude Include="C:\dev\leraine-studio\leraine-studio\source\utilities\imgui\addons\imguitabwindow\imguitabwindow.h">
      <Filter>Header Files</Filter>
    </ClInclude>
    <ClInclude Include="C:\dev\leraine-studio\leraine-studio\source\utilities\imgui\addons\imguitoolbar\imguitoolbar.h">
      <Filter>Header Files</Filter>
    </ClInclude>
  </ItemGroup>
  <ItemGroup>
    <CustomBuild Include="C:\dev\leraine-studio\leraine-studio\CMakeLists.txt" />
  </ItemGroup>
  <ItemGroup>
    <Filter Include="Header Files">
      <UniqueIdentifier>{824F49A4-6D0A-3C25-8EF5-293639814321}</UniqueIdentifier>
    </Filter>
    <Filter Include="Source Files">
      <UniqueIdentifier>{F9867CCB-0D6E-3BB3-AE34-EB606A4A7DF7}</UniqueIdentifier>
    </Filter>
  </ItemGroup>
</Project>
